{
  "name": "@lfy/cli",
  "version": "0.3.0",
  "lockfileVersion": 3,
  "requires": true,
  "packages": {
    "": {
      "name": "@lfy/cli",
      "version": "0.3.0",
      "license": "MIT",
      "dependencies": {
        "@lfy/cli-darwin-arm64": "file:packages/darwin-arm64"
      },
      "bin": {
        "lfy-cli": "bin/lfy.js"
      },
      "engines": {
        "node": ">=18"
      },
      "optionalDependencies": {
        "@lfy/cli-darwin-arm64": "file:packages/darwin-arm64",
        "@lfy/cli-darwin-x64": "0.1.0",
        "@lfy/cli-linux-x64": "0.1.0",
        "@lfy/cli-win32-x64": "0.1.0"
      }
    },
    "node_modules/@lfy/cli-darwin-arm64": {
      "resolved": "packages/darwin-arm64",
      "link": true
    },
    "packages/darwin-arm64": {
      "name": "@lfy/cli-darwin-arm64",
      "version": "0.1.0",
      "cpu": [
        "arm64"
      ],
      "license": "MIT",
      "optional": true,
      "os": [
        "darwin"
      ],
      "engines": {
        "node": ">=18"
      }
    }
  }
}
